
Microsoft Visual Studio Solution File, Format Version 12.00
# Visual Studio 2012
Project("{FAE04EC0-301F-11D3-BF4B-00C04F79EFBC}") = "OptimizationToolbox", "OptimizationToolbox\OptimizationToolbox.csproj", "{02218BAA-F410-4B89-96C9-9CE2A0F7FC8A}"
EndProject
Project("{2150E333-8FDC-42A3-9474-1A3956D46DE8}") = "Examples", "Examples", "{D92977F7-C1BA-48C3-BFC7-56D41CF05EC0}"
EndProject
Project("{FAE04EC0-301F-11D3-BF4B-00C04F79EFBC}") = "Example2 Genetic Algorithm", "Examples\Example2 Genetic Algorithm\Example2 Genetic Algorithm.csproj", "{13DD432E-CBC6-4FC2-B1C0-B4FDB865BC1A}"
EndProject
Project("{FAE04EC0-301F-11D3-BF4B-00C04F79EFBC}") = "Example1 Simple OneFunction", "Examples\Example1 Simple One Function\Example1 Simple OneFunction.csproj", "{21B926E3-326A-41E2-9DA8-03D537B73B86}"
EndProject
Project("{FAE04EC0-301F-11D3-BF4B-00C04F79EFBC}") = "Example3 Using XML and Comparison", "Examples\Example3 Using XML and Comparison\Example3 Using XML and Comparison.csproj", "{763E9805-3D7C-493D-AEA3-C18978857408}"
EndProject
Project("{FAE04EC0-301F-11D3-BF4B-00C04F79EFBC}") = "Example4 Using Dependent Analysis", "Examples\Example4 Using Dependent Analysis\Example4 Using Dependent Analysis.csproj", "{C6A3CB42-D7F2-4D1B-881E-C646D3720DE6}"
EndProject
Project("{FAE04EC0-301F-11D3-BF4B-00C04F79EFBC}") = "Example5 Multi-Objective Genetic Algorithm", "Examples\Example5 Multi-Objective Genetic Algorithm\Example5 Multi-Objective Genetic Algorithm.csproj", "{6790DBCA-8A26-4FEC-B93F-17A9B65CF8CA}"
EndProject
Project("{FAE04EC0-301F-11D3-BF4B-00C04F79EFBC}") = "StarMath", "..\StarMath\StarMath\StarMath.csproj", "{8B37DF1E-A3C9-42B6-BF1F-D65180FF556E}"
EndProject
Global
	GlobalSection(SolutionConfigurationPlatforms) = preSolution
		Debug|Any CPU = Debug|Any CPU
		Debug|Mixed Platforms = Debug|Mixed Platforms
		Debug|x64 = Debug|x64
		Debug|x86 = Debug|x86
		Release|Any CPU = Release|Any CPU
		Release|Mixed Platforms = Release|Mixed Platforms
		Release|x64 = Release|x64
		Release|x86 = Release|x86
	EndGlobalSection
	GlobalSection(ProjectConfigurationPlatforms) = postSolution
		{02218BAA-F410-4B89-96C9-9CE2A0F7FC8A}.Debug|Any CPU.ActiveCfg = Debug|Any CPU
		{02218BAA-F410-4B89-96C9-9CE2A0F7FC8A}.Debug|Any CPU.Build.0 = Debug|Any CPU
		{02218BAA-F410-4B89-96C9-9CE2A0F7FC8A}.Debug|Mixed Platforms.ActiveCfg = Debug|Any CPU
		{02218BAA-F410-4B89-96C9-9CE2A0F7FC8A}.Debug|Mixed Platforms.Build.0 = Debug|Any CPU
		{02218BAA-F410-4B89-96C9-9CE2A0F7FC8A}.Debug|x64.ActiveCfg = Debug|Any CPU
		{02218BAA-F410-4B89-96C9-9CE2A0F7FC8A}.Debug|x86.ActiveCfg = Debug|Any CPU
		{02218BAA-F410-4B89-96C9-9CE2A0F7FC8A}.Release|Any CPU.ActiveCfg = Release|Any CPU
		{02218BAA-F410-4B89-96C9-9CE2A0F7FC8A}.Release|Any CPU.Build.0 = Release|Any CPU
		{02218BAA-F410-4B89-96C9-9CE2A0F7FC8A}.Release|Mixed Platforms.ActiveCfg = Release|Any CPU
		{02218BAA-F410-4B89-96C9-9CE2A0F7FC8A}.Release|Mixed Platforms.Build.0 = Release|Any CPU
		{02218BAA-F410-4B89-96C9-9CE2A0F7FC8A}.Release|x64.ActiveCfg = Release|Any CPU
		{02218BAA-F410-4B89-96C9-9CE2A0F7FC8A}.Release|x86.ActiveCfg = Release|Any CPU
		{13DD432E-CBC6-4FC2-B1C0-B4FDB865BC1A}.Debug|Any CPU.ActiveCfg = Debug|x86
		{13DD432E-CBC6-4FC2-B1C0-B4FDB865BC1A}.Debug|Mixed Platforms.ActiveCfg = Debug|x86
		{13DD432E-CBC6-4FC2-B1C0-B4FDB865BC1A}.Debug|Mixed Platforms.Build.0 = Debug|x86
		{13DD432E-CBC6-4FC2-B1C0-B4FDB865BC1A}.Debug|x64.ActiveCfg = Debug|x64
		{13DD432E-CBC6-4FC2-B1C0-B4FDB865BC1A}.Debug|x86.ActiveCfg = Debug|x86
		{13DD432E-CBC6-4FC2-B1C0-B4FDB865BC1A}.Debug|x86.Build.0 = Debug|x86
		{13DD432E-CBC6-4FC2-B1C0-B4FDB865BC1A}.Release|Any CPU.ActiveCfg = Release|Any CPU
		{13DD432E-CBC6-4FC2-B1C0-B4FDB865BC1A}.Release|Any CPU.Build.0 = Release|Any CPU
		{13DD432E-CBC6-4FC2-B1C0-B4FDB865BC1A}.Release|Mixed Platforms.ActiveCfg = Release|x86
		{13DD432E-CBC6-4FC2-B1C0-B4FDB865BC1A}.Release|Mixed Platforms.Build.0 = Release|x86
		{13DD432E-CBC6-4FC2-B1C0-B4FDB865BC1A}.Release|x64.ActiveCfg = Release|x64
		{13DD432E-CBC6-4FC2-B1C0-B4FDB865BC1A}.Release|x64.Build.0 = Release|x64
		{13DD432E-CBC6-4FC2-B1C0-B4FDB865BC1A}.Release|x86.ActiveCfg = Release|x86
		{13DD432E-CBC6-4FC2-B1C0-B4FDB865BC1A}.Release|x86.Build.0 = Release|x86
		{21B926E3-326A-41E2-9DA8-03D537B73B86}.Debug|Any CPU.ActiveCfg = Debug|Any CPU
		{21B926E3-326A-41E2-9DA8-03D537B73B86}.Debug|Any CPU.Build.0 = Debug|Any CPU
		{21B926E3-326A-41E2-9DA8-03D537B73B86}.Debug|Mixed Platforms.ActiveCfg = Debug|Any CPU
		{21B926E3-326A-41E2-9DA8-03D537B73B86}.Debug|Mixed Platforms.Build.0 = Debug|Any CPU
		{21B926E3-326A-41E2-9DA8-03D537B73B86}.Debug|x64.ActiveCfg = Debug|x64
		{21B926E3-326A-41E2-9DA8-03D537B73B86}.Debug|x86.ActiveCfg = Debug|Any CPU
		{21B926E3-326A-41E2-9DA8-03D537B73B86}.Release|Any CPU.ActiveCfg = Release|Any CPU
		{21B926E3-326A-41E2-9DA8-03D537B73B86}.Release|Any CPU.Build.0 = Release|Any CPU
		{21B926E3-326A-41E2-9DA8-03D537B73B86}.Release|Mixed Platforms.ActiveCfg = Release|Any CPU
		{21B926E3-326A-41E2-9DA8-03D537B73B86}.Release|Mixed Platforms.Build.0 = Release|Any CPU
		{21B926E3-326A-41E2-9DA8-03D537B73B86}.Release|x64.ActiveCfg = Release|x64
		{21B926E3-326A-41E2-9DA8-03D537B73B86}.Release|x64.Build.0 = Release|x64
		{21B926E3-326A-41E2-9DA8-03D537B73B86}.Release|x86.ActiveCfg = Release|x86
		{21B926E3-326A-41E2-9DA8-03D537B73B86}.Release|x86.Build.0 = Release|x86
		{763E9805-3D7C-493D-AEA3-C18978857408}.Debug|Any CPU.ActiveCfg = Debug|Any CPU
		{763E9805-3D7C-493D-AEA3-C18978857408}.Debug|Any CPU.Build.0 = Debug|Any CPU
		{763E9805-3D7C-493D-AEA3-C18978857408}.Debug|Mixed Platforms.ActiveCfg = Debug|Any CPU
		{763E9805-3D7C-493D-AEA3-C18978857408}.Debug|Mixed Platforms.Build.0 = Debug|Any CPU
		{763E9805-3D7C-493D-AEA3-C18978857408}.Debug|x64.ActiveCfg = Debug|x64
		{763E9805-3D7C-493D-AEA3-C18978857408}.Debug|x86.ActiveCfg = Debug|Any CPU
		{763E9805-3D7C-493D-AEA3-C18978857408}.Release|Any CPU.ActiveCfg = Release|Any CPU
		{763E9805-3D7C-493D-AEA3-C18978857408}.Release|Any CPU.Build.0 = Release|Any CPU
		{763E9805-3D7C-493D-AEA3-C18978857408}.Release|Mixed Platforms.ActiveCfg = Release|Any CPU
		{763E9805-3D7C-493D-AEA3-C18978857408}.Release|Mixed Platforms.Build.0 = Release|Any CPU
		{763E9805-3D7C-493D-AEA3-C18978857408}.Release|x64.ActiveCfg = Release|x64
		{763E9805-3D7C-493D-AEA3-C18978857408}.Release|x64.Build.0 = Release|x64
		{763E9805-3D7C-493D-AEA3-C18978857408}.Release|x86.ActiveCfg = Release|x86
		{763E9805-3D7C-493D-AEA3-C18978857408}.Release|x86.Build.0 = Release|x86
		{C6A3CB42-D7F2-4D1B-881E-C646D3720DE6}.Debug|Any CPU.ActiveCfg = Debug|Any CPU
		{C6A3CB42-D7F2-4D1B-881E-C646D3720DE6}.Debug|Any CPU.Build.0 = Debug|Any CPU
		{C6A3CB42-D7F2-4D1B-881E-C646D3720DE6}.Debug|Mixed Platforms.ActiveCfg = Debug|Any CPU
		{C6A3CB42-D7F2-4D1B-881E-C646D3720DE6}.Debug|Mixed Platforms.Build.0 = Debug|Any CPU
		{C6A3CB42-D7F2-4D1B-881E-C646D3720DE6}.Debug|x64.ActiveCfg = Debug|x64
		{C6A3CB42-D7F2-4D1B-881E-C646D3720DE6}.Debug|x86.ActiveCfg = Debug|Any CPU
		{C6A3CB42-D7F2-4D1B-881E-C646D3720DE6}.Release|Any CPU.ActiveCfg = Release|Any CPU
		{C6A3CB42-D7F2-4D1B-881E-C646D3720DE6}.Release|Any CPU.Build.0 = Release|Any CPU
		{C6A3CB42-D7F2-4D1B-881E-C646D3720DE6}.Release|Mixed Platforms.ActiveCfg = Release|Any CPU
		{C6A3CB42-D7F2-4D1B-881E-C646D3720DE6}.Release|Mixed Platforms.Build.0 = Release|Any CPU
		{C6A3CB42-D7F2-4D1B-881E-C646D3720DE6}.Release|x64.ActiveCfg = Release|x64
		{C6A3CB42-D7F2-4D1B-881E-C646D3720DE6}.Release|x64.Build.0 = Release|x64
		{C6A3CB42-D7F2-4D1B-881E-C646D3720DE6}.Release|x86.ActiveCfg = Release|x86
		{C6A3CB42-D7F2-4D1B-881E-C646D3720DE6}.Release|x86.Build.0 = Release|x86
		{6790DBCA-8A26-4FEC-B93F-17A9B65CF8CA}.Debug|Any CPU.ActiveCfg = Debug|Any CPU
		{6790DBCA-8A26-4FEC-B93F-17A9B65CF8CA}.Debug|Any CPU.Build.0 = Debug|Any CPU
		{6790DBCA-8A26-4FEC-B93F-17A9B65CF8CA}.Debug|Mixed Platforms.ActiveCfg = Debug|x64
		{6790DBCA-8A26-4FEC-B93F-17A9B65CF8CA}.Debug|Mixed Platforms.Build.0 = Debug|x64
		{6790DBCA-8A26-4FEC-B93F-17A9B65CF8CA}.Debug|x64.ActiveCfg = Debug|x64
		{6790DBCA-8A26-4FEC-B93F-17A9B65CF8CA}.Debug|x64.Build.0 = Debug|x64
		{6790DBCA-8A26-4FEC-B93F-17A9B65CF8CA}.Debug|x86.ActiveCfg = Debug|x86
		{6790DBCA-8A26-4FEC-B93F-17A9B65CF8CA}.Debug|x86.Build.0 = Debug|x86
		{6790DBCA-8A26-4FEC-B93F-17A9B65CF8CA}.Release|Any CPU.ActiveCfg = Release|Any CPU
		{6790DBCA-8A26-4FEC-B93F-17A9B65CF8CA}.Release|Any CPU.Build.0 = Release|Any CPU
		{6790DBCA-8A26-4FEC-B93F-17A9B65CF8CA}.Release|Mixed Platforms.ActiveCfg = Release|x64
		{6790DBCA-8A26-4FEC-B93F-17A9B65CF8CA}.Release|Mixed Platforms.Build.0 = Release|x64
		{6790DBCA-8A26-4FEC-B93F-17A9B65CF8CA}.Release|x64.ActiveCfg = Release|x64
		{6790DBCA-8A26-4FEC-B93F-17A9B65CF8CA}.Release|x64.Build.0 = Release|x64
		{6790DBCA-8A26-4FEC-B93F-17A9B65CF8CA}.Release|x86.ActiveCfg = Release|x86
		{6790DBCA-8A26-4FEC-B93F-17A9B65CF8CA}.Release|x86.Build.0 = Release|x86
		{8B37DF1E-A3C9-42B6-BF1F-D65180FF556E}.Debug|Any CPU.ActiveCfg = Debug|Any CPU
		{8B37DF1E-A3C9-42B6-BF1F-D65180FF556E}.Debug|Any CPU.Build.0 = Debug|Any CPU
		{8B37DF1E-A3C9-42B6-BF1F-D65180FF556E}.Debug|Mixed Platforms.ActiveCfg = Debug|Any CPU
		{8B37DF1E-A3C9-42B6-BF1F-D65180FF556E}.Debug|Mixed Platforms.Build.0 = Debug|Any CPU
		{8B37DF1E-A3C9-42B6-BF1F-D65180FF556E}.Debug|x64.ActiveCfg = Debug|Any CPU
		{8B37DF1E-A3C9-42B6-BF1F-D65180FF556E}.Debug|x86.ActiveCfg = Debug|Any CPU
		{8B37DF1E-A3C9-42B6-BF1F-D65180FF556E}.Release|Any CPU.ActiveCfg = Release|Any CPU
		{8B37DF1E-A3C9-42B6-BF1F-D65180FF556E}.Release|Any CPU.Build.0 = Release|Any CPU
		{8B37DF1E-A3C9-42B6-BF1F-D65180FF556E}.Release|Mixed Platforms.ActiveCfg = Release|Any CPU
		{8B37DF1E-A3C9-42B6-BF1F-D65180FF556E}.Release|Mixed Platforms.Build.0 = Release|Any CPU
		{8B37DF1E-A3C9-42B6-BF1F-D65180FF556E}.Release|x64.ActiveCfg = Release|Any CPU
		{8B37DF1E-A3C9-42B6-BF1F-D65180FF556E}.Release|x86.ActiveCfg = Release|Any CPU
	EndGlobalSection
	GlobalSection(SolutionProperties) = preSolution
		HideSolutionNode = FALSE
	EndGlobalSection
	GlobalSection(NestedProjects) = preSolution
		{13DD432E-CBC6-4FC2-B1C0-B4FDB865BC1A} = {D92977F7-C1BA-48C3-BFC7-56D41CF05EC0}
		{21B926E3-326A-41E2-9DA8-03D537B73B86} = {D92977F7-C1BA-48C3-BFC7-56D41CF05EC0}
		{763E9805-3D7C-493D-AEA3-C18978857408} = {D92977F7-C1BA-48C3-BFC7-56D41CF05EC0}
		{C6A3CB42-D7F2-4D1B-881E-C646D3720DE6} = {D92977F7-C1BA-48C3-BFC7-56D41CF05EC0}
		{6790DBCA-8A26-4FEC-B93F-17A9B65CF8CA} = {D92977F7-C1BA-48C3-BFC7-56D41CF05EC0}
	EndGlobalSection
EndGlobal
